
Microsoft Visual Studio Solution File, Format Version 12.00
# Visual Studio Version 17
VisualStudioVersion = 17.3.32929.385
MinimumVisualStudioVersion = 10.0.40219.1
Project("{FAE04EC0-301F-11D3-BF4B-00C04F79EFBC}") = "MatchGame", "MatchGame.csproj", "{A86A5BA0-CB96-4483-B4B5-05397D44D543}"
EndProject
Global
	GlobalSection(SolutionConfigurationPlatforms) = preSolution
		Debug|Any CPU = Debug|Any CPU
		Release|Any CPU = Release|Any CPU
	EndGlobalSection
	GlobalSection(ProjectConfigurationPlatforms) = postSolution
		{A86A5BA0-CB96-4483-B4B5-05397D44D543}.Debug|Any CPU.ActiveCfg = Debug|Any CPU
		{A86A5BA0-CB96-4483-B4B5-05397D44D543}.Debug|Any CPU.Build.0 = Debug|Any CPU
		{A86A5BA0-CB96-4483-B4B5-05397D44D543}.Release|Any CPU.ActiveCfg = Release|Any CPU
		{A86A5BA0-CB96-4483-B4B5-05397D44D543}.Release|Any CPU.Build.0 = Release|Any CPU
	EndGlobalSection
	GlobalSection(SolutionProperties) = preSolution
		HideSolutionNode = FALSE
	EndGlobalSection
	GlobalSection(ExtensibilityGlobals) = postSolution
		SolutionGuid = {7FDDA187-BEB4-4EBF-A32A-8218312ADEB8}
	EndGlobalSection
EndGlobal
